// !$*UTF8*$!
{
	archiveVersion = 1;
	classes = {
	};
	objectVersion = 110;
	objects = {

/* Begin PBXBuildFile section */
		9B7F07E230169851004DA2CC /* SharpOnPhoneUI in Frameworks */ = {isa = PBXBuildFile; productRef = 9B7F07E130169851004DA2CC /* SharpOnPhoneUI */; };
		9B7F08EF3016C81E004DA2CC /* SnapCore in Frameworks */ = {isa = PBXBuildFile; productRef = 9B7F08EE3016C81E004DA2CC /* SnapCore */; };
		9B7F08F13016C81E004DA2CC /* SnapCoreEngine in Frameworks */ = {isa = PBXBuildFile; productRef = 9B7F08F03016C81E004DA2CC /* SnapCoreEngine */; };
/* End PBXBuildFile section */

/* Begin PBXFileReference section */
		9B7F07CC301694DB004DA2CC /* SharpOnPhone.app */ = {isa = PBXFileReference; explicitFileType = wrapper.application; includeInIndex = 0; path = SharpOnPhone.app; sourceTree = BUILT_PRODUCTS_DIR; };
/* End PBXFileReference section */

/* Begin PBXFileSystemSynchronizedBuildFileExceptionSet section */
		9B7F08A73016C554004DA2CC /* Exceptions for "SharpOnPhone" folder in "SharpOnPhone" target */ = {
			isa = PBXFileSystemSynchronizedBuildFileExceptionSet;
			membershipExceptions = (
				Info.plist,
			);
			target = 9B7F07CB301694DB004DA2CC /* SharpOnPhone */;
		};
/* End PBXFileSystemSynchronizedBuildFileExceptionSet section */

/* Begin PBXFileSystemSynchronizedRootGroup section */
		9B7F07CE301694DB004DA2CC /* SharpOnPhone */ = {
			isa = PBXFileSystemSynchronizedRootGroup;
			exceptions = (
				9B7F08A73016C554004DA2CC /* Exceptions for "SharpOnPhone" folder in "SharpOnPhone" target */,
			);
			path = SharpOnPhone;
			sourceTree = "<group>";
		};
/* End PBXFileSystemSynchronizedRootGroup section */

/* Begin PBXFrameworksBuildPhase section */
		9B7F07C9301694DB004DA2CC /* Frameworks */ = {
			isa = PBXFrameworksBuildPhase;
			files = (
				9B7F07E230169851004DA2CC /* SharpOnPhoneUI in Frameworks */,
				9B7F08EF3016C81E004DA2CC /* SnapCore in Frameworks */,
				9B7F08F13016C81E004DA2CC /* SnapCoreEngine in Frameworks */,
			);
		};
/* End PBXFrameworksBuildPhase section */

/* Begin PBXGroup section */
		9B7F07C3301694DB004DA2CC = {
			isa = PBXGroup;
			children = (
				9B7F07CE301694DB004DA2CC /* SharpOnPhone */,
				9B7F07CD301694DB004DA2CC /* Products */,
			);
			sourceTree = "<group>";
		};
		9B7F07CD301694DB004DA2CC /* Products */ = {
			isa = PBXGroup;
			children = (
				9B7F07CC301694DB004DA2CC /* SharpOnPhone.app */,
			);
			name = Products;
			sourceTree = "<group>";
		};
/* End PBXGroup section */

/* Begin PBXNativeTarget section */
		9B7F07CB301694DB004DA2CC /* SharpOnPhone */ = {
			isa = PBXNativeTarget;
			buildConfigurationList = 9B7F07D7301694DC004DA2CC /* Build configuration list for PBXNativeTarget "SharpOnPhone" */;
			buildPhases = (
				9B7F07C8301694DB004DA2CC /* Sources */,
				9B7F07C9301694DB004DA2CC /* Frameworks */,
				9B7F07CA301694DB004DA2CC /* Resources */,
			);
			buildRules = (
			);
			fileSystemSynchronizedGroups = (
				9B7F07CE301694DB004DA2CC /* SharpOnPhone */,
			);
			name = SharpOnPhone;
			packageProductDependencies = (
				9B7F07E130169851004DA2CC /* SharpOnPhoneUI */,
				9B7F08EE3016C81E004DA2CC /* SnapCore */,
				9B7F08F03016C81E004DA2CC /* SnapCoreEngine */,
			);
			productName = SharpOnPhone;
			productReference = 9B7F07CC301694DB004DA2CC /* SharpOnPhone.app */;
			productType = "com.apple.product-type.application";
		};
/* End PBXNativeTarget section */

/* Begin PBXProject section */
		9B7F07C4301694DB004DA2CC /* Project object */ = {
			isa = PBXProject;
			attributes = {
				BuildIndependentTargetsInParallel = 1;
				LastSwiftUpdateCheck = 2700;
				LastUpgradeCheck = 2700;
				TargetAttributes = {
					9B7F07CB301694DB004DA2CC = {
						CreatedOnToolsVersion = 27.0;
					};
				};
			};
			buildConfigurationList = 9B7F07C7301694DB004DA2CC /* Build configuration list for PBXProject "SharpOnPhone" */;
			developmentRegion = en;
			hasScannedForEncodings = 0;
			knownRegions = (
				en,
				Base,
			);
			mainGroup = 9B7F07C3301694DB004DA2CC;
			minimizedProjectReferenceProxies = 1;
			packageReferences = (
				9B7F07DF301695EB004DA2CC /* XCRemoteSwiftPackageReference "coreai-models" */,
				9B7F07E030169851004DA2CC /* XCLocalSwiftPackageReference "SharpOnPhoneUI" */,
				9B7F08ED3016C81E004DA2CC /* XCLocalSwiftPackageReference "../SnapCore" */,
			);
			preferredProjectObjectVersion = 77;
			productRefGroup = 9B7F07CD301694DB004DA2CC /* Products */;
			projectDirPath = "";
			projectRoot = "";
			targets = (
				9B7F07CB301694DB004DA2CC /* SharpOnPhone */,
			);
		};
/* End PBXProject section */

/* Begin PBXResourcesBuildPhase section */
		9B7F07CA301694DB004DA2CC /* Resources */ = {
			isa = PBXResourcesBuildPhase;
			files = (
			);
		};
/* End PBXResourcesBuildPhase section */

/* Begin PBXSourcesBuildPhase section */
		9B7F07C8301694DB004DA2CC /* Sources */ = {
			isa = PBXSourcesBuildPhase;
			files = (
			);
		};
/* End PBXSourcesBuildPhase section */

/* Begin XCBuildConfiguration section */
		9B7F07D5301694DC004DA2CC /* Debug configuration for PBXProject "SharpOnPhone" */ = {
			isa = XCBuildConfiguration;
			buildSettings = {
				ALWAYS_SEARCH_USER_PATHS = NO;
				ASSETCATALOG_COMPILER_GENERATE_SWIFT_ASSET_SYMBOL_EXTENSIONS = YES;
				CLANG_ANALYZER_NONNULL = YES;
				CLANG_ANALYZER_NUMBER_OBJECT_CONVERSION = YES_AGGRESSIVE;
				CLANG_CXX_LANGUAGE_STANDARD = "gnu++20";
				CLANG_ENABLE_MODULES = YES;
				CLANG_ENABLE_OBJC_ARC = YES;
				CLANG_ENABLE_OBJC_WEAK = YES;
				CLANG_WARN_BLOCK_CAPTURE_AUTORELEASING = YES;
				CLANG_WARN_BOOL_CONVERSION = YES;
				CLANG_WARN_COMMA = YES;
				CLANG_WARN_CONSTANT_CONVERSION = YES;
				CLANG_WARN_DEPRECATED_OBJC_IMPLEMENTATIONS = YES;
				CLANG_WARN_DIRECT_OBJC_ISA_USAGE = YES_ERROR;
				CLANG_WARN_DOCUMENTATION_COMMENTS = YES;
				CLANG_WARN_EMPTY_BODY = YES;
				CLANG_WARN_ENUM_CONVERSION = YES;
				CLANG_WARN_INFINITE_RECURSION = YES;
				CLANG_WARN_INT_CONVERSION = YES;
				CLANG_WARN_NON_LITERAL_NULL_CONVERSION = YES;
				CLANG_WARN_OBJC_IMPLICIT_RETAIN_SELF = YES;
				CLANG_WARN_OBJC_LITERAL_CONVERSION = YES;
				CLANG_WARN_OBJC_ROOT_CLASS = YES_ERROR;
				CLANG_WARN_QUOTED_INCLUDE_IN_FRAMEWORK_HEADER = YES;
				CLANG_WARN_RANGE_LOOP_ANALYSIS = YES;
				CLANG_WARN_STRICT_PROTOTYPES = YES;
				CLANG_WARN_SUSPICIOUS_MOVE = YES;
				CLANG_WARN_UNGUARDED_AVAILABILITY = YES_AGGRESSIVE;
				CLANG_WARN_UNREACHABLE_CODE = YES;
				CLANG_WARN__DUPLICATE_METHOD_MATCH = YES;
				COPY_PHASE_STRIP = NO;
				DEBUG_INFORMATION_FORMAT = dwarf;
				DEVELOPMENT_TEAM = B9P888266K;
				ENABLE_STRICT_OBJC_MSGSEND = YES;
				ENABLE_TESTABILITY = YES;
				ENABLE_USER_SCRIPT_SANDBOXING = YES;
				GCC_C_LANGUAGE_STANDARD = gnu17;
				GCC_DYNAMIC_NO_PIC = NO;
				GCC_NO_COMMON_BLOCKS = YES;
				GCC_OPTIMIZATION_LEVEL = 0;
				GCC_PREPROCESSOR_DEFINITIONS = (
					"DEBUG=1",
					"$(inherited)",
				);
				GCC_WARN_64_TO_32_BIT_CONVERSION = YES;
				GCC_WARN_ABOUT_RETURN_TYPE = YES_ERROR;
				GCC_WARN_UNDECLARED_SELECTOR = YES;
				GCC_WARN_UNINITIALIZED_AUTOS = YES_AGGRESSIVE;
				GCC_WARN_UNUSED_FUNCTION = YES;
				GCC_WARN_UNUSED_VARIABLE = YES;
				IPHONEOS_DEPLOYMENT_TARGET = 27.0;
				LOCALIZATION_PREFERS_STRING_CATALOGS = YES;
				MTL_ENABLE_DEBUG_INFO = INCLUDE_SOURCE;
				MTL_FAST_MATH = YES;
				ONLY_ACTIVE_ARCH = YES;
				SDKROOT = iphoneos;
				SWIFT_ACTIVE_COMPILATION_CONDITIONS = "DEBUG $(inherited)";
				SWIFT_OPTIMIZATION_LEVEL = "-Onone";
			};
			name = Debug;
		};
		9B7F07D6301694DC004DA2CC /* Release configuration for PBXProject "SharpOnPhone" */ = {
			isa = XCBuildConfiguration;
			buildSettings = {
				ALWAYS_SEARCH_USER_PATHS = NO;
				ASSETCATALOG_COMPILER_GENERATE_SWIFT_ASSET_SYMBOL_EXTENSIONS = YES;
				CLANG_ANALYZER_NONNULL = YES;
				CLANG_ANALYZER_NUMBER_OBJECT_CONVERSION = YES_AGGRESSIVE;
				CLANG_CXX_LANGUAGE_STANDARD = "gnu++20";
				CLANG_ENABLE_MODULES = YES;
				CLANG_ENABLE_OBJC_ARC = YES;
				CLANG_ENABLE_OBJC_WEAK = YES;
				CLANG_WARN_BLOCK_CAPTURE_AUTORELEASING = YES;
				CLANG_WARN_BOOL_CONVERSION = YES;
				CLANG_WARN_COMMA = YES;
				CLANG_WARN_CONSTANT_CONVERSION = YES;
				CLANG_WARN_DEPRECATED_OBJC_IMPLEMENTATIONS = YES;
				CLANG_WARN_DIRECT_OBJC_ISA_USAGE = YES_ERROR;
				CLANG_WARN_DOCUMENTATION_COMMENTS = YES;
				CLANG_WARN_EMPTY_BODY = YES;
				CLANG_WARN_ENUM_CONVERSION = YES;
				CLANG_WARN_INFINITE_RECURSION = YES;
				CLANG_WARN_INT_CONVERSION = YES;
				CLANG_WARN_NON_LITERAL_NULL_CONVERSION = YES;
				CLANG_WARN_OBJC_IMPLICIT_RETAIN_SELF = YES;
				CLANG_WARN_OBJC_LITERAL_CONVERSION = YES;
				CLANG_WARN_OBJC_ROOT_CLASS = YES_ERROR;
				CLANG_WARN_QUOTED_INCLUDE_IN_FRAMEWORK_HEADER = YES;
				CLANG_WARN_RANGE_LOOP_ANALYSIS = YES;
				CLANG_WARN_STRICT_PROTOTYPES = YES;
				CLANG_WARN_SUSPICIOUS_MOVE = YES;
				CLANG_WARN_UNGUARDED_AVAILABILITY = YES_AGGRESSIVE;
				CLANG_WARN_UNREACHABLE_CODE = YES;
				CLANG_WARN__DUPLICATE_METHOD_MATCH = YES;
				COPY_PHASE_STRIP = NO;
				DEBUG_INFORMATION_FORMAT = "dwarf-with-dsym";
				DEVELOPMENT_TEAM = B9P888266K;
				ENABLE_NS_ASSERTIONS = NO;
				ENABLE_STRICT_OBJC_MSGSEND = YES;
				ENABLE_USER_SCRIPT_SANDBOXING = YES;
				GCC_C_LANGUAGE_STANDARD = gnu17;
				GCC_NO_COMMON_BLOCKS = YES;
				GCC_WARN_64_TO_32_BIT_CONVERSION = YES;
				GCC_WARN_ABOUT_RETURN_TYPE = YES_ERROR;
				GCC_WARN_UNDECLARED_SELECTOR = YES;
				GCC_WARN_UNINITIALIZED_AUTOS = YES_AGGRESSIVE;
				GCC_WARN_UNUSED_FUNCTION = YES;
				GCC_WARN_UNUSED_VARIABLE = YES;
				IPHONEOS_DEPLOYMENT_TARGET = 27.0;
				LOCALIZATION_PREFERS_STRING_CATALOGS = YES;
				MTL_ENABLE_DEBUG_INFO = NO;
				MTL_FAST_MATH = YES;
				SDKROOT = iphoneos;
				SWIFT_COMPILATION_MODE = wholemodule;
				VALIDATE_PRODUCT = YES;
			};
			name = Release;
		};
		9B7F07D8301694DC004DA2CC /* Debug configuration for PBXNativeTarget "SharpOnPhone" */ = {
			isa = XCBuildConfiguration;
			buildSettings = {
				ASSETCATALOG_COMPILER_APPICON_NAME = AppIcon;
				ASSETCATALOG_COMPILER_GLOBAL_ACCENT_COLOR_NAME = AccentColor;
				CODE_SIGN_ENTITLEMENTS = SharpOnPhone/SharpOnPhone.entitlements;
				CODE_SIGN_STYLE = Automatic;
				CURRENT_PROJECT_VERSION = 1;
				DEVELOPMENT_TEAM = B9P888266K;
				ENABLE_PREVIEWS = YES;
				GENERATE_INFOPLIST_FILE = YES;
				INFOPLIST_FILE = SharpOnPhone/Info.plist;
				INFOPLIST_KEY_UIApplicationSceneManifest_Generation = YES;
				INFOPLIST_KEY_UIApplicationSupportsIndirectInputEvents = YES;
				INFOPLIST_KEY_UILaunchScreen_Generation = YES;
				INFOPLIST_KEY_UISupportedInterfaceOrientations_iPad = "UIInterfaceOrientationPortrait UIInterfaceOrientationPortraitUpsideDown UIInterfaceOrientationLandscapeLeft UIInterfaceOrientationLandscapeRight";
				INFOPLIST_KEY_UISupportedInterfaceOrientations_iPhone = "UIInterfaceOrientationPortrait UIInterfaceOrientationLandscapeLeft UIInterfaceOrientationLandscapeRight";
				LD_RUNPATH_SEARCH_PATHS = (
					"$(inherited)",
					"@executable_path/Frameworks",
				);
				MARKETING_VERSION = 1.0;
				PRODUCT_BUNDLE_IDENTIFIER = com.aryanrogye.SharpOnPhone;
				PRODUCT_NAME = "$(TARGET_NAME)";
				STRING_CATALOG_GENERATE_SYMBOLS = YES;
				SWIFT_APPROACHABLE_CONCURRENCY = YES;
				SWIFT_DEFAULT_ACTOR_ISOLATION = MainActor;
				SWIFT_EMIT_LOC_STRINGS = YES;
				SWIFT_UPCOMING_FEATURE_MEMBER_IMPORT_VISIBILITY = YES;
				SWIFT_VERSION = 5.0;
				TARGETED_DEVICE_FAMILY = "1,2";
			};
			name = Debug;
		};
		9B7F07D9301694DC004DA2CC /* Release configuration for PBXNativeTarget "SharpOnPhone" */ = {
			isa = XCBuildConfiguration;
			buildSettings = {
				ASSETCATALOG_COMPILER_APPICON_NAME = AppIcon;
				ASSETCATALOG_COMPILER_GLOBAL_ACCENT_COLOR_NAME = AccentColor;
				CODE_SIGN_ENTITLEMENTS = SharpOnPhone/SharpOnPhone.entitlements;
				CODE_SIGN_STYLE = Automatic;
				CURRENT_PROJECT_VERSION = 1;
				DEVELOPMENT_TEAM = B9P888266K;
				ENABLE_PREVIEWS = YES;
				GENERATE_INFOPLIST_FILE = YES;
				INFOPLIST_FILE = SharpOnPhone/Info.plist;
				INFOPLIST_KEY_UIApplicationSceneManifest_Generation = YES;
				INFOPLIST_KEY_UIApplicationSupportsIndirectInputEvents = YES;
				INFOPLIST_KEY_UILaunchScreen_Generation = YES;
				INFOPLIST_KEY_UISupportedInterfaceOrientations_iPad = "UIInterfaceOrientationPortrait UIInterfaceOrientationPortraitUpsideDown UIInterfaceOrientationLandscapeLeft UIInterfaceOrientationLandscapeRight";
				INFOPLIST_KEY_UISupportedInterfaceOrientations_iPhone = "UIInterfaceOrientationPortrait UIInterfaceOrientationLandscapeLeft UIInterfaceOrientationLandscapeRight";
				LD_RUNPATH_SEARCH_PATHS = (
					"$(inherited)",
					"@executable_path/Frameworks",
				);
				MARKETING_VERSION = 1.0;
				PRODUCT_BUNDLE_IDENTIFIER = com.aryanrogye.SharpOnPhone;
				PRODUCT_NAME = "$(TARGET_NAME)";
				STRING_CATALOG_GENERATE_SYMBOLS = YES;
				SWIFT_APPROACHABLE_CONCURRENCY = YES;
				SWIFT_DEFAULT_ACTOR_ISOLATION = MainActor;
				SWIFT_EMIT_LOC_STRINGS = YES;
				SWIFT_UPCOMING_FEATURE_MEMBER_IMPORT_VISIBILITY = YES;
				SWIFT_VERSION = 5.0;
				TARGETED_DEVICE_FAMILY = "1,2";
			};
			name = Release;
		};
/* End XCBuildConfiguration section */

/* Begin XCConfigurationList section */
		9B7F07C7301694DB004DA2CC /* Build configuration list for PBXProject "SharpOnPhone" */ = {
			isa = XCConfigurationList;
			buildConfigurations = (
				9B7F07D5301694DC004DA2CC /* Debug configuration for PBXProject "SharpOnPhone" */,
				9B7F07D6301694DC004DA2CC /* Release configuration for PBXProject "SharpOnPhone" */,
			);
			defaultConfigurationName = Release;
		};
		9B7F07D7301694DC004DA2CC /* Build configuration list for PBXNativeTarget "SharpOnPhone" */ = {
			isa = XCConfigurationList;
			buildConfigurations = (
				9B7F07D8301694DC004DA2CC /* Debug configuration for PBXNativeTarget "SharpOnPhone" */,
				9B7F07D9301694DC004DA2CC /* Release configuration for PBXNativeTarget "SharpOnPhone" */,
			);
			defaultConfigurationName = Release;
		};
/* End XCConfigurationList section */

/* Begin XCLocalSwiftPackageReference section */
		9B7F07E030169851004DA2CC /* XCLocalSwiftPackageReference "SharpOnPhoneUI" */ = {
			isa = XCLocalSwiftPackageReference;
			relativePath = SharpOnPhoneUI;
		};
		9B7F08ED3016C81E004DA2CC /* XCLocalSwiftPackageReference "../SnapCore" */ = {
			isa = XCLocalSwiftPackageReference;
			relativePath = ../SnapCore;
		};
/* End XCLocalSwiftPackageReference section */

/* Begin XCRemoteSwiftPackageReference section */
		9B7F07DF301695EB004DA2CC /* XCRemoteSwiftPackageReference "coreai-models" */ = {
			isa = XCRemoteSwiftPackageReference;
			repositoryURL = "https://github.com/apple/coreai-models";
			requirement = {
				branch = main;
				kind = branch;
			};
		};
/* End XCRemoteSwiftPackageReference section */

/* Begin XCSwiftPackageProductDependency section */
		9B7F07E130169851004DA2CC /* SharpOnPhoneUI */ = {
			isa = XCSwiftPackageProductDependency;
			productName = SharpOnPhoneUI;
		};
		9B7F08EE3016C81E004DA2CC /* SnapCore */ = {
			isa = XCSwiftPackageProductDependency;
			productName = SnapCore;
		};
		9B7F08F03016C81E004DA2CC /* SnapCoreEngine */ = {
			isa = XCSwiftPackageProductDependency;
			productName = SnapCoreEngine;
		};
/* End XCSwiftPackageProductDependency section */
	};
	rootObject = 9B7F07C4301694DB004DA2CC /* Project object */;
	validationLevel = 1;
}
