{
  "originHash" : "29e164411033e43b641b7873e321e435e38eb32d440c14ec47afe0c3ee74f5c2",
  "pins" : [
    {
      "identity" : "swift-collections",
      "kind" : "remoteSourceControl",
      "location" : "https://github.com/apple/swift-collections.git",
      "state" : {
        "revision" : "a0cb0954ecb21e4e31b0070e6ed5674e8556685a",
        "version" : "1.6.0"
      }
    }
  ],
  "version" : 3
}
